// !$*UTF8*$!
{
	archiveVersion = 1;
	classes = {
	};
	objectVersion = 50;
	objects = {

/* Begin PBXBuildFile section */
		56222CC9208B1AAC005D9E33 /* main.m in Sources */ = {isa = PBXBuildFile; fileRef = 56222CC8208B1AAC005D9E33 /* main.m */; };
		56222CD1208B1ADF005D9E33 /* SubjectManager.m in Sources */ = {isa = PBXBuildFile; fileRef = 56222CD0208B1ADF005D9E33 /* SubjectManager.m */; };
		56222CDB208B1DD0005D9E33 /* Subject.m in Sources */ = {isa = PBXBuildFile; fileRef = 56222CDA208B1DD0005D9E33 /* Subject.m */; };
		56222CDE208B1E6F005D9E33 /* Subject1.m in Sources */ = {isa = PBXBuildFile; fileRef = 56222CDD208B1E6F005D9E33 /* Subject1.m */; };
		56222CE4208C60E2005D9E33 /* Subject793.m in Sources */ = {isa = PBXBuildFile; fileRef = 56222CE3208C60E2005D9E33 /* Subject793.m */; };
		56222CE7208C8A1E005D9E33 /* Subject188.m in Sources */ = {isa = PBXBuildFile; fileRef = 56222CE6208C8A1E005D9E33 /* Subject188.m */; };
/* End PBXBuildFile section */

/* Begin PBXCopyFilesBuildPhase section */
		56222CC3208B1AAC005D9E33 /* CopyFiles */ = {
			isa = PBXCopyFilesBuildPhase;
			buildActionMask = 2147483647;
			dstPath = /usr/share/man/man1/;
			dstSubfolderSpec = 0;
			files = (
			);
			runOnlyForDeploymentPostprocessing = 1;
		};
/* End PBXCopyFilesBuildPhase section */

/* Begin PBXFileReference section */
		56222CC5208B1AAC005D9E33 /* SubjectForLeetCode */ = {isa = PBXFileReference; explicitFileType = "compiled.mach-o.executable"; includeInIndex = 0; path = SubjectForLeetCode; sourceTree = BUILT_PRODUCTS_DIR; };
		56222CC8208B1AAC005D9E33 /* main.m */ = {isa = PBXFileReference; lastKnownFileType = sourcecode.c.objc; path = main.m; sourceTree = "<group>"; };
		56222CCF208B1ADF005D9E33 /* SubjectManager.h */ = {isa = PBXFileReference; lastKnownFileType = sourcecode.c.h; path = SubjectManager.h; sourceTree = "<group>"; };
		56222CD0208B1ADF005D9E33 /* SubjectManager.m */ = {isa = PBXFileReference; lastKnownFileType = sourcecode.c.objc; path = SubjectManager.m; sourceTree = "<group>"; };
		56222CD9208B1DD0005D9E33 /* Subject.h */ = {isa = PBXFileReference; lastKnownFileType = sourcecode.c.h; path = Subject.h; sourceTree = "<group>"; };
		56222CDA208B1DD0005D9E33 /* Subject.m */ = {isa = PBXFileReference; lastKnownFileType = sourcecode.c.objc; path = Subject.m; sourceTree = "<group>"; };
		56222CDC208B1E6F005D9E33 /* Subject1.h */ = {isa = PBXFileReference; lastKnownFileType = sourcecode.c.h; path = Subject1.h; sourceTree = "<group>"; };
		56222CDD208B1E6F005D9E33 /* Subject1.m */ = {isa = PBXFileReference; lastKnownFileType = sourcecode.c.objc; path = Subject1.m; sourceTree = "<group>"; };
		56222CE2208C60E2005D9E33 /* Subject793.h */ = {isa = PBXFileReference; lastKnownFileType = sourcecode.c.h; path = Subject793.h; sourceTree = "<group>"; };
		56222CE3208C60E2005D9E33 /* Subject793.m */ = {isa = PBXFileReference; lastKnownFileType = sourcecode.c.objc; path = Subject793.m; sourceTree = "<group>"; };
		56222CE5208C8A1E005D9E33 /* Subject188.h */ = {isa = PBXFileReference; lastKnownFileType = sourcecode.c.h; path = Subject188.h; sourceTree = "<group>"; };
		56222CE6208C8A1E005D9E33 /* Subject188.m */ = {isa = PBXFileReference; lastKnownFileType = sourcecode.c.objc; path = Subject188.m; sourceTree = "<group>"; };
/* End PBXFileReference section */

/* Begin PBXFrameworksBuildPhase section */
		56222CC2208B1AAC005D9E33 /* Frameworks */ = {
			isa = PBXFrameworksBuildPhase;
			buildActionMask = 2147483647;
			files = (
			);
			runOnlyForDeploymentPostprocessing = 0;
		};
/* End PBXFrameworksBuildPhase section */

/* Begin PBXGroup section */
		56222CBC208B1AAC005D9E33 = {
			isa = PBXGroup;
			children = (
				56222CC7208B1AAC005D9E33 /* SubjectForLeetCode */,
				56222CC6208B1AAC005D9E33 /* Products */,
			);
			sourceTree = "<group>";
		};
		56222CC6208B1AAC005D9E33 /* Products */ = {
			isa = PBXGroup;
			children = (
				56222CC5208B1AAC005D9E33 /* SubjectForLeetCode */,
			);
			name = Products;
			sourceTree = "<group>";
		};
		56222CC7208B1AAC005D9E33 /* SubjectForLeetCode */ = {
			isa = PBXGroup;
			children = (
				56222CC8208B1AAC005D9E33 /* main.m */,
				56222CCF208B1ADF005D9E33 /* SubjectManager.h */,
				56222CD0208B1ADF005D9E33 /* SubjectManager.m */,
				56222CD5208B1C76005D9E33 /* Subject */,
			);
			path = SubjectForLeetCode;
			sourceTree = "<group>";
		};
		56222CD5208B1C76005D9E33 /* Subject */ = {
			isa = PBXGroup;
			children = (
				56222CD9208B1DD0005D9E33 /* Subject.h */,
				56222CDA208B1DD0005D9E33 /* Subject.m */,
				56222CDC208B1E6F005D9E33 /* Subject1.h */,
				56222CDD208B1E6F005D9E33 /* Subject1.m */,
				56222CE5208C8A1E005D9E33 /* Subject188.h */,
				56222CE6208C8A1E005D9E33 /* Subject188.m */,
				56222CE2208C60E2005D9E33 /* Subject793.h */,
				56222CE3208C60E2005D9E33 /* Subject793.m */,
			);
			path = Subject;
			sourceTree = "<group>";
		};
/* End PBXGroup section */

/* Begin PBXNativeTarget section */
		56222CC4208B1AAC005D9E33 /* SubjectForLeetCode */ = {
			isa = PBXNativeTarget;
			buildConfigurationList = 56222CCC208B1AAC005D9E33 /* Build configuration list for PBXNativeTarget "SubjectForLeetCode" */;
			buildPhases = (
				56222CC1208B1AAC005D9E33 /* Sources */,
				56222CC2208B1AAC005D9E33 /* Frameworks */,
				56222CC3208B1AAC005D9E33 /* CopyFiles */,
			);
			buildRules = (
			);
			dependencies = (
			);
			name = SubjectForLeetCode;
			productName = SubjectForLeetCode;
			productReference = 56222CC5208B1AAC005D9E33 /* SubjectForLeetCode */;
			productType = "com.apple.product-type.tool";
		};
/* End PBXNativeTarget section */

/* Begin PBXProject section */
		56222CBD208B1AAC005D9E33 /* Project object */ = {
			isa = PBXProject;
			attributes = {
				LastUpgradeCheck = 0930;
				ORGANIZATIONNAME = "鲁强";
				TargetAttributes = {
					56222CC4208B1AAC005D9E33 = {
						CreatedOnToolsVersion = 9.3;
					};
				};
			};
			buildConfigurationList = 56222CC0208B1AAC005D9E33 /* Build configuration list for PBXProject "SubjectForLeetCode" */;
			compatibilityVersion = "Xcode 9.3";
			developmentRegion = en;
			hasScannedForEncodings = 0;
			knownRegions = (
				en,
			);
			mainGroup = 56222CBC208B1AAC005D9E33;
			productRefGroup = 56222CC6208B1AAC005D9E33 /* Products */;
			projectDirPath = "";
			projectRoot = "";
			targets = (
				56222CC4208B1AAC005D9E33 /* SubjectForLeetCode */,
			);
		};
/* End PBXProject section */

/* Begin PBXSourcesBuildPhase section */
		56222CC1208B1AAC005D9E33 /* Sources */ = {
			isa = PBXSourcesBuildPhase;
			buildActionMask = 2147483647;
			files = (
				56222CDB208B1DD0005D9E33 /* Subject.m in Sources */,
				56222CDE208B1E6F005D9E33 /* Subject1.m in Sources */,
				56222CD1208B1ADF005D9E33 /* SubjectManager.m in Sources */,
				56222CC9208B1AAC005D9E33 /* main.m in Sources */,
				56222CE7208C8A1E005D9E33 /* Subject188.m in Sources */,
				56222CE4208C60E2005D9E33 /* Subject793.m in Sources */,
			);
			runOnlyForDeploymentPostprocessing = 0;
		};
/* End PBXSourcesBuildPhase section */

/* Begin XCBuildConfiguration section */
		56222CCA208B1AAC005D9E33 /* Debug */ = {
			isa = XCBuildConfiguration;
			buildSettings = {
				ALWAYS_SEARCH_USER_PATHS = NO;
				CLANG_ANALYZER_NONNULL = YES;
				CLANG_ANALYZER_NUMBER_OBJECT_CONVERSION = YES_AGGRESSIVE;
				CLANG_CXX_LANGUAGE_STANDARD = "gnu++14";
				CLANG_CXX_LIBRARY = "libc++";
				CLANG_ENABLE_MODULES = YES;
				CLANG_ENABLE_OBJC_ARC = YES;
				CLANG_ENABLE_OBJC_WEAK = YES;
				CLANG_WARN_BLOCK_CAPTURE_AUTORELEASING = YES;
				CLANG_WARN_BOOL_CONVERSION = YES;
				CLANG_WARN_COMMA = YES;
				CLANG_WARN_CONSTANT_CONVERSION = YES;
				CLANG_WARN_DEPRECATED_OBJC_IMPLEMENTATIONS = YES;
				CLANG_WARN_DIRECT_OBJC_ISA_USAGE = YES_ERROR;
				CLANG_WARN_DOCUMENTATION_COMMENTS = YES;
				CLANG_WARN_EMPTY_BODY = YES;
				CLANG_WARN_ENUM_CONVERSION = YES;
				CLANG_WARN_INFINITE_RECURSION = YES;
				CLANG_WARN_INT_CONVERSION = YES;
				CLANG_WARN_NON_LITERAL_NULL_CONVERSION = YES;
				CLANG_WARN_OBJC_IMPLICIT_RETAIN_SELF = YES;
				CLANG_WARN_OBJC_LITERAL_CONVERSION = YES;
				CLANG_WARN_OBJC_ROOT_CLASS = YES_ERROR;
				CLANG_WARN_RANGE_LOOP_ANALYSIS = YES;
				CLANG_WARN_STRICT_PROTOTYPES = YES;
				CLANG_WARN_SUSPICIOUS_MOVE = YES;
				CLANG_WARN_UNGUARDED_AVAILABILITY = YES_AGGRESSIVE;
				CLANG_WARN_UNREACHABLE_CODE = YES;
				CLANG_WARN__DUPLICATE_METHOD_MATCH = YES;
				CODE_SIGN_IDENTITY = "Mac Developer";
				COPY_PHASE_STRIP = NO;
				DEBUG_INFORMATION_FORMAT = dwarf;
				ENABLE_STRICT_OBJC_MSGSEND = YES;
				ENABLE_TESTABILITY = YES;
				GCC_C_LANGUAGE_STANDARD = gnu11;
				GCC_DYNAMIC_NO_PIC = NO;
				GCC_NO_COMMON_BLOCKS = YES;
				GCC_OPTIMIZATION_LEVEL = 0;
				GCC_PREPROCESSOR_DEFINITIONS = (
					"DEBUG=1",
					"$(inherited)",
				);
				GCC_WARN_64_TO_32_BIT_CONVERSION = YES;
				GCC_WARN_ABOUT_RETURN_TYPE = YES_ERROR;
				GCC_WARN_UNDECLARED_SELECTOR = YES;
				GCC_WARN_UNINITIALIZED_AUTOS = YES_AGGRESSIVE;
				GCC_WARN_UNUSED_FUNCTION = YES;
				GCC_WARN_UNUSED_VARIABLE = YES;
				MACOSX_DEPLOYMENT_TARGET = 10.13;
				MTL_ENABLE_DEBUG_INFO = YES;
				ONLY_ACTIVE_ARCH = YES;
				SDKROOT = macosx;
			};
			name = Debug;
		};
		56222CCB208B1AAC005D9E33 /* Release */ = {
			isa = XCBuildConfiguration;
			buildSettings = {
				ALWAYS_SEARCH_USER_PATHS = NO;
				CLANG_ANALYZER_NONNULL = YES;
				CLANG_ANALYZER_NUMBER_OBJECT_CONVERSION = YES_AGGRESSIVE;
				CLANG_CXX_LANGUAGE_STANDARD = "gnu++14";
				CLANG_CXX_LIBRARY = "libc++";
				CLANG_ENABLE_MODULES = YES;
				CLANG_ENABLE_OBJC_ARC = YES;
				CLANG_ENABLE_OBJC_WEAK = YES;
				CLANG_WARN_BLOCK_CAPTURE_AUTORELEASING = YES;
				CLANG_WARN_BOOL_CONVERSION = YES;
				CLANG_WARN_COMMA = YES;
				CLANG_WARN_CONSTANT_CONVERSION = YES;
				CLANG_WARN_DEPRECATED_OBJC_IMPLEMENTATIONS = YES;
				CLANG_WARN_DIRECT_OBJC_ISA_USAGE = YES_ERROR;
				CLANG_WARN_DOCUMENTATION_COMMENTS = YES;
				CLANG_WARN_EMPTY_BODY = YES;
				CLANG_WARN_ENUM_CONVERSION = YES;
				CLANG_WARN_INFINITE_RECURSION = YES;
				CLANG_WARN_INT_CONVERSION = YES;
				CLANG_WARN_NON_LITERAL_NULL_CONVERSION = YES;
				CLANG_WARN_OBJC_IMPLICIT_RETAIN_SELF = YES;
				CLANG_WARN_OBJC_LITERAL_CONVERSION = YES;
				CLANG_WARN_OBJC_ROOT_CLASS = YES_ERROR;
				CLANG_WARN_RANGE_LOOP_ANALYSIS = YES;
				CLANG_WARN_STRICT_PROTOTYPES = YES;
				CLANG_WARN_SUSPICIOUS_MOVE = YES;
				CLANG_WARN_UNGUARDED_AVAILABILITY = YES_AGGRESSIVE;
				CLANG_WARN_UNREACHABLE_CODE = YES;
				CLANG_WARN__DUPLICATE_METHOD_MATCH = YES;
				CODE_SIGN_IDENTITY = "Mac Developer";
				COPY_PHASE_STRIP = NO;
				DEBUG_INFORMATION_FORMAT = "dwarf-with-dsym";
				ENABLE_NS_ASSERTIONS = NO;
				ENABLE_STRICT_OBJC_MSGSEND = YES;
				GCC_C_LANGUAGE_STANDARD = gnu11;
				GCC_NO_COMMON_BLOCKS = YES;
				GCC_WARN_64_TO_32_BIT_CONVERSION = YES;
				GCC_WARN_ABOUT_RETURN_TYPE = YES_ERROR;
				GCC_WARN_UNDECLARED_SELECTOR = YES;
				GCC_WARN_UNINITIALIZED_AUTOS = YES_AGGRESSIVE;
				GCC_WARN_UNUSED_FUNCTION = YES;
				GCC_WARN_UNUSED_VARIABLE = YES;
				MACOSX_DEPLOYMENT_TARGET = 10.13;
				MTL_ENABLE_DEBUG_INFO = NO;
				SDKROOT = macosx;
			};
			name = Release;
		};
		56222CCD208B1AAC005D9E33 /* Debug */ = {
			isa = XCBuildConfiguration;
			buildSettings = {
				CODE_SIGN_STYLE = Automatic;
				DEVELOPMENT_TEAM = 646QUDV8TJ;
				PRODUCT_NAME = "$(TARGET_NAME)";
			};
			name = Debug;
		};
		56222CCE208B1AAC005D9E33 /* Release */ = {
			isa = XCBuildConfiguration;
			buildSettings = {
				CODE_SIGN_STYLE = Automatic;
				DEVELOPMENT_TEAM = 646QUDV8TJ;
				PRODUCT_NAME = "$(TARGET_NAME)";
			};
			name = Release;
		};
/* End XCBuildConfiguration section */

/* Begin XCConfigurationList section */
		56222CC0208B1AAC005D9E33 /* Build configuration list for PBXProject "SubjectForLeetCode" */ = {
			isa = XCConfigurationList;
			buildConfigurations = (
				56222CCA208B1AAC005D9E33 /* Debug */,
				56222CCB208B1AAC005D9E33 /* Release */,
			);
			defaultConfigurationIsVisible = 0;
			defaultConfigurationName = Release;
		};
		56222CCC208B1AAC005D9E33 /* Build configuration list for PBXNativeTarget "SubjectForLeetCode" */ = {
			isa = XCConfigurationList;
			buildConfigurations = (
				56222CCD208B1AAC005D9E33 /* Debug */,
				56222CCE208B1AAC005D9E33 /* Release */,
			);
			defaultConfigurationIsVisible = 0;
			defaultConfigurationName = Release;
		};
/* End XCConfigurationList section */
	};
	rootObject = 56222CBD208B1AAC005D9E33 /* Project object */;
}
